{
  "version": 4,
  "terraform_version": "1.14.7",
  "serial": 494,
  "lineage": "4e70cbe4-759a-bd51-4939-17f7adce2af0",
  "outputs": {
    "cluster_info": {
      "value": {
        "cluster_name": "pg-ha-cluster",
        "dcs_type": "etcd3",
        "patroni_scope": "pg-ha-cluster",
        "pgvector_version": "0.8.1",
        "postgres_version": "18",
        "replication_type": "streaming",
        "total_nodes": 3
      },
      "type": [
        "object",
        {
          "cluster_name": "string",
          "dcs_type": "string",
          "patroni_scope": "string",
          "pgvector_version": "string",
          "postgres_version": "string",
          "replication_type": "string",
          "total_nodes": "number"
        }
      ]
    },
    "cluster_status": {
      "value": "PostgreSQL HA Cluster successfully deployed",
      "type": "string"
    },
    "connection_info": {
      "value": {
        "postgres_db": "postgres",
        "postgres_user": "pgadmin",
        "primary_external": "localhost:5432",
        "replica_1_external": "localhost:5433",
        "replica_2_external": "localhost:5434"
      },
      "type": [
        "object",
        {
          "postgres_db": "string",
          "postgres_user": "string",
          "primary_external": "string",
          "replica_1_external": "string",
          "replica_2_external": "string"
        }
      ]
    },
    "dbhub_url": {
      "value": "http://localhost:9090",
      "type": "string"
    },
    "etcd_endpoint": {
      "value": "http://localhost:12379",
      "type": "string"
    },
    "generated_passwords": {
      "value": {
        "db_admin_password": "[5(+Kb-Wt#z$%$@4Y21$ErY6W]?DJ\u003c0)",
        "db_replication_password": "Fsr\u0026$+Ir[4?{[K!jApSWPnKpF8[}[yO%",
        "infisical_api_key": "\u003ck=2m2kNz?z[[Y\u003e@T3y!VPLa{fc@i3Mv",
        "pgbouncer_admin_password": "BcLcQnJIp[?Qu$gQsAb%fwRK8VZVH{az"
      },
      "type": [
        "map",
        "string"
      ],
      "sensitive": true
    },
    "ha_network": {
      "value": "pg-ha-network",
      "type": "string"
    },
    "infisical_db_host": {
      "value": "infisical-postgres",
      "type": "string"
    },
    "infisical_db_port": {
      "value": "5437",
      "type": "string"
    },
    "infisical_url": {
      "value": "http://localhost:8020",
      "type": "string"
    },
    "patroni_api_node_1": {
      "value": "http://localhost:8008",
      "type": "string"
    },
    "patroni_api_node_2": {
      "value": "http://localhost:8009",
      "type": "string"
    },
    "patroni_api_node_3": {
      "value": "http://localhost:8010",
      "type": "string"
    },
    "pg_internal_primary": {
      "value": "postgresql://pgadmin:@pg-node-1:5432/postgres?sslmode=disable",
      "type": "string",
      "sensitive": true
    },
    "pg_internal_replica_1": {
      "value": "postgresql://pgadmin:@pg-node-2:5432/postgres?sslmode=disable",
      "type": "string",
      "sensitive": true
    },
    "pg_internal_replica_2": {
      "value": "postgresql://pgadmin:@pg-node-3:5432/postgres?sslmode=disable",
      "type": "string",
      "sensitive": true
    },
    "pg_node_1_name": {
      "value": "pg-node-1",
      "type": "string"
    },
    "pg_node_2_name": {
      "value": "pg-node-2",
      "type": "string"
    },
    "pg_node_3_name": {
      "value": "pg-node-3",
      "type": "string"
    },
    "pg_primary_endpoint": {
      "value": "postgresql://pgadmin:@localhost:5432/postgres",
      "type": "string",
      "sensitive": true
    },
    "pg_replica_1_endpoint": {
      "value": "postgresql://pgadmin:@localhost:5433/postgres",
      "type": "string",
      "sensitive": true
    },
    "pg_replica_2_endpoint": {
      "value": "postgresql://pgadmin:@localhost:5434/postgres",
      "type": "string",
      "sensitive": true
    },
    "pgbouncer_config": {
      "value": {
        "default_pool_size": 25,
        "max_client_conn": 1000,
        "min_pool_size": 5,
        "pool_mode": "transaction",
        "port": 6432,
        "reserve_pool_size": 5
      },
      "type": [
        "object",
        {
          "default_pool_size": "number",
          "max_client_conn": "number",
          "min_pool_size": "number",
          "pool_mode": "string",
          "port": "number",
          "reserve_pool_size": "number"
        }
      ]
    },
    "pgbouncer_enabled": {
      "value": true,
      "type": "bool"
    },
    "pgbouncer_external_ports": {
      "value": {
        "pgbouncer_1": 6432,
        "pgbouncer_2": 6433,
        "pgbouncer_3": null
      },
      "type": [
        "object",
        {
          "pgbouncer_1": "number",
          "pgbouncer_2": "number",
          "pgbouncer_3": "number"
        }
      ]
    },
    "pgbouncer_internal_endpoints": {
      "value": [
        "pgbouncer-1:6432",
        "pgbouncer-2:6432",
        "pgbouncer-3:6432"
      ],
      "type": [
        "list",
        "string"
      ]
    },
    "pgbouncer_primary_endpoint": {
      "value": "postgresql://pgadmin:@localhost:6432/postgres",
      "type": "string",
      "sensitive": true
    },
    "pgbouncer_replicas": {
      "value": 2,
      "type": "number"
    },
    "pgbouncer_usage_guide": {
      "value": {
        "benefits": "Reduced connection overhead, better resource utilization, failover support, HA pooling",
        "description": "Use PgBouncer for connection pooling to improve performance and scalability",
        "pool_mode": "Transaction mode - new connection per transaction for maximum compatibility",
        "usage_1": "Connect via PgBouncer (recommended): psql -h localhost -p 6432 -U pgadmin -d postgres",
        "usage_2": "Direct PostgreSQL connection: psql -h localhost -p 5432 -U pgadmin -d postgres"
      },
      "type": [
        "object",
        {
          "benefits": "string",
          "description": "string",
          "pool_mode": "string",
          "usage_1": "string",
          "usage_2": "string"
        }
      ]
    }
  },
  "resources": [
    {
      "mode": "managed",
      "type": "docker_container",
      "name": "dbhub",
      "provider": "provider[\"registry.terraform.io/kreuzwerker/docker\"]",
      "instances": [
        {
          "schema_version": 2,
          "attributes": {
            "attach": false,
            "bridge": "",
            "capabilities": [],
            "cgroup_parent": null,
            "cgroupns_mode": null,
            "command": [
              "--port",
              "8080",
              "--data",
              "/var/opt/bytebase"
            ],
            "container_logs": null,
            "container_read_refresh_timeout_milliseconds": 15000,
            "cpu_period": null,
            "cpu_quota": null,
            "cpu_set": "",
            "cpu_shares": 0,
            "cpus": null,
            "destroy_grace_seconds": null,
            "devices": [],
            "dns": [],
            "dns_opts": [],
            "dns_search": [],
            "domainname": "",
            "entrypoint": [
              "bytebase"
            ],
            "env": [
              "BYTEBASE_POSTGRES_URL=postgres://pgadmin:[5(+Kb-Wt#z$%$@4Y21$ErY6W]?DJ\u003c0)@pg-node-1:5432/postgres?sslmode=disable"
            ],
            "exit_code": null,
            "gpus": null,
            "group_add": [],
            "healthcheck": [
              {
                "interval": "5m0s",
                "retries": 0,
                "start_interval": "0s",
                "start_period": "0s",
                "test": [
                  "CMD-SHELL",
                  "curl -f http://localhost:8080/healthz || exit 1"
                ],
                "timeout": "1m0s"
              }
            ],
            "host": [],
            "hostname": "5401da918d73",
            "id": "5401da918d7340f3c5cc9b328cecdb130df2a41bf971901c024f2bda72a3e324",
            "image": "sha256:62ebd4c39152e0f6c545f8fae08f9a080591fdc016e8022cb78be6ad91dca05b",
            "init": false,
            "ipc_mode": "private",
            "labels": [],
            "log_driver": "json-file",
            "log_opts": {},
            "logs": false,
            "max_retry_count": 0,
            "memory": 0,
            "memory_swap": 0,
            "mounts": [],
            "must_run": true,
            "name": "dbhub",
            "network_data": [
              {
                "gateway": "172.18.0.1",
                "global_ipv6_address": "",
                "global_ipv6_prefix_length": 0,
                "ip_address": "172.18.0.10",
                "ip_prefix_length": 16,
                "ipv6_gateway": "",
                "mac_address": "26:ba:68:c6:c2:b9",
                "network_name": "pg-ha-network"
              }
            ],
            "network_mode": "bridge",
            "networks_advanced": [
              {
                "aliases": [],
                "ipv4_address": "",
                "ipv6_address": "",
                "name": "pg-ha-network"
              }
            ],
            "pid_mode": "",
            "ports": [
              {
                "external": 9090,
                "internal": 8080,
                "ip": "0.0.0.0",
                "protocol": "tcp"
              }
            ],
            "privileged": false,
            "publish_all_ports": false,
            "read_only": false,
            "remove_volumes": true,
            "restart": "unless-stopped",
            "rm": false,
            "runtime": "runc",
            "security_opts": [],
            "shm_size": 64,
            "start": true,
            "stdin_open": false,
            "stop_signal": "",
            "stop_timeout": 1,
            "storage_opts": {},
            "sysctls": {},
            "tmpfs": {},
            "tty": false,
            "ulimit": [],
            "upload": [],
            "user": "",
            "userns_mode": "",
            "volumes": [],
            "wait": false,
            "wait_timeout": 60,
            "working_dir": "/"
          },
          "sensitive_attributes": [
            [
              {
                "type": "get_attr",
                "value": "env"
              }
            ]
          ],
          "identity_schema_version": 0,
          "private": "eyJzY2hlbWFfdmVyc2lvbiI6IjIifQ==",
          "dependencies": [
            "docker_container.etcd",
            "docker_container.pg_node_1",
            "docker_container.pg_node_2",
            "docker_container.pg_node_3",
            "docker_image.dbhub",
            "docker_image.etcd",
            "docker_image.postgres_patroni",
            "docker_network.pg_ha_network",
            "docker_volume.etcd_data",
            "docker_volume.pg_node_1_data",
            "docker_volume.pg_node_2_data",
            "docker_volume.pg_node_3_data",
            "docker_volume.pgbackrest_repo",
            "random_password.db_admin_password",
            "random_password.db_replication_password"
          ]
        }
      ]
    },
    {
      "mode": "managed",
      "type": "docker_container",
      "name": "etcd",
      "provider": "provider[\"registry.terraform.io/kreuzwerker/docker\"]",
      "instances": [
        {
          "schema_version": 2,
          "attributes": {
            "attach": false,
            "bridge": "",
            "capabilities": [],
            "cgroup_parent": null,
            "cgroupns_mode": null,
            "command": [
              "/usr/local/bin/etcd"
            ],
            "container_logs": null,
            "container_read_refresh_timeout_milliseconds": 15000,
            "cpu_period": null,
            "cpu_quota": null,
            "cpu_set": "",
            "cpu_shares": 0,
            "cpus": null,
            "destroy_grace_seconds": null,
            "devices": [],
            "dns": [],
            "dns_opts": [],
            "dns_search": [],
            "domainname": "",
            "entrypoint": [],
            "env": [
              "ETCD_ADVERTISE_CLIENT_URLS=http://etcd:2379",
              "ETCD_CLUSTER_STATE=new",
              "ETCD_INITIAL_ADVERTISE_PEER_URLS=http://etcd:2380",
              "ETCD_INITIAL_CLUSTER=etcd=http://etcd:2380",
              "ETCD_LISTEN_CLIENT_URLS=http://0.0.0.0:2379",
              "ETCD_LISTEN_PEER_URLS=http://0.0.0.0:2380",
              "ETCD_NAME=etcd"
            ],
            "exit_code": null,
            "gpus": null,
            "group_add": [],
            "healthcheck": [],
            "host": [],
            "hostname": "10b134b87b66",
            "id": "10b134b87b66770d8a4b456b9f4b4c4da8b8c90a7c56a68ca20634dcf695abfd",
            "image": "sha256:28759af54acd6924b2191dc1a1d096e2fa2e219717a21b9d8edf89717db3631b",
            "init": false,
            "ipc_mode": "private",
            "labels": [],
            "log_driver": "json-file",
            "log_opts": {},
            "logs": false,
            "max_retry_count": 0,
            "memory": 0,
            "memory_swap": 0,
            "mounts": [
              {
                "bind_options": [],
                "read_only": false,
                "source": "etcd-data",
                "target": "/etcd-data",
                "tmpfs_options": [],
                "type": "volume",
                "volume_options": []
              }
            ],
            "must_run": true,
            "name": "etcd",
            "network_data": [
              {
                "gateway": "172.18.0.1",
                "global_ipv6_address": "",
                "global_ipv6_prefix_length": 0,
                "ip_address": "172.18.0.2",
                "ip_prefix_length": 16,
                "ipv6_gateway": "",
                "mac_address": "9a:7c:e6:14:90:40",
                "network_name": "pg-ha-network"
              }
            ],
            "network_mode": "bridge",
            "networks_advanced": [
              {
                "aliases": [],
                "ipv4_address": "",
                "ipv6_address": "",
                "name": "pg-ha-network"
              }
            ],
            "pid_mode": "",
            "ports": [
              {
                "external": 12379,
                "internal": 2379,
                "ip": "0.0.0.0",
                "protocol": "tcp"
              },
              {
                "external": 12380,
                "internal": 2380,
                "ip": "0.0.0.0",
                "protocol": "tcp"
              }
            ],
            "privileged": false,
            "publish_all_ports": false,
            "read_only": false,
            "remove_volumes": true,
            "restart": "unless-stopped",
            "rm": false,
            "runtime": "runc",
            "security_opts": [],
            "shm_size": 64,
            "start": true,
            "stdin_open": false,
            "stop_signal": "",
            "stop_timeout": 1,
            "storage_opts": {},
            "sysctls": {},
            "tmpfs": {},
            "tty": false,
            "ulimit": [],
            "upload": [],
            "user": "",
            "userns_mode": "",
            "volumes": [],
            "wait": false,
            "wait_timeout": 60,
            "working_dir": "/"
          },
          "sensitive_attributes": [],
          "identity_schema_version": 0,
          "private": "eyJzY2hlbWFfdmVyc2lvbiI6IjIifQ==",
          "dependencies": [
            "docker_image.etcd",
            "docker_network.pg_ha_network",
            "docker_volume.etcd_data"
          ]
        }
      ]
    },
    {
      "mode": "managed",
      "type": "docker_container",
      "name": "infisical",
      "provider": "provider[\"registry.terraform.io/kreuzwerker/docker\"]",
      "instances": [
        {
          "index_key": 0,
          "schema_version": 2,
          "attributes": {
            "attach": false,
            "bridge": "",
            "capabilities": [],
            "cgroup_parent": null,
            "cgroupns_mode": null,
            "command": [
              "./standalone-entrypoint.sh"
            ],
            "container_logs": null,
            "container_read_refresh_timeout_milliseconds": 15000,
            "cpu_period": null,
            "cpu_quota": null,
            "cpu_set": "",
            "cpu_shares": 0,
            "cpus": null,
            "destroy_grace_seconds": null,
            "devices": [],
            "dns": [],
            "dns_opts": [],
            "dns_search": [],
            "domainname": "",
            "entrypoint": [
              "docker-entrypoint.sh"
            ],
            "env": [
              "AUTH_SECRET=BcLcQnJIp[?Qu$gQsAb%fwRK8VZVH{az",
              "DB_CONNECTION_URI=postgresql://infisical:+l*lxp*[4D@oyI)W_}P6f[zysN94BBT6@infisical-postgres:5432/infisical",
              "ENCRYPTION_KEY=\u003ck=2m2kNz?z[[Y\u003e@T3y!VPLa{fc@i3Mv",
              "NODE_ENV=production",
              "PORT=8080",
              "REDIS_URL=redis://infisical-redis:6379",
              "SITE_URL=http://localhost:8020"
            ],
            "exit_code": null,
            "gpus": null,
            "group_add": [],
            "healthcheck": [
              {
                "interval": "15s",
                "retries": 3,
                "start_interval": "0s",
                "start_period": "0s",
                "test": [
                  "CMD",
                  "curl",
                  "-f",
                  "http://localhost:8080/api/status"
                ],
                "timeout": "5s"
              }
            ],
            "host": [],
            "hostname": "6344ad27f733",
            "id": "6344ad27f7338d649ec5efa16d2cef25277078c86d092827f4b5d4573babd1ab",
            "image": "sha256:2efbe7c63659ec86529385a13dd1420ffd57a48f8d7fd61849fb228e99402d37",
            "init": false,
            "ipc_mode": "private",
            "labels": [],
            "log_driver": "json-file",
            "log_opts": {},
            "logs": false,
            "max_retry_count": 0,
            "memory": 0,
            "memory_swap": 0,
            "mounts": [
              {
                "bind_options": [],
                "read_only": false,
                "source": "infisical-data",
                "target": "/var/lib/infisical",
                "tmpfs_options": [],
                "type": "volume",
                "volume_options": []
              }
            ],
            "must_run": true,
            "name": "infisical",
            "network_data": [
              {
                "gateway": "172.18.0.1",
                "global_ipv6_address": "",
                "global_ipv6_prefix_length": 0,
                "ip_address": "172.18.0.11",
                "ip_prefix_length": 16,
                "ipv6_gateway": "",
                "mac_address": "72:ad:50:be:3a:95",
                "network_name": "pg-ha-network"
              }
            ],
            "network_mode": "bridge",
            "networks_advanced": [
              {
                "aliases": [],
                "ipv4_address": "",
                "ipv6_address": "",
                "name": "pg-ha-network"
              }
            ],
            "pid_mode": "",
            "ports": [
              {
                "external": 8020,
                "internal": 8080,
                "ip": "0.0.0.0",
                "protocol": "tcp"
              }
            ],
            "privileged": false,
            "publish_all_ports": false,
            "read_only": false,
            "remove_volumes": true,
            "restart": "unless-stopped",
            "rm": false,
            "runtime": "runc",
            "security_opts": [],
            "shm_size": 64,
            "start": true,
            "stdin_open": false,
            "stop_signal": "",
            "stop_timeout": 1,
            "storage_opts": {},
            "sysctls": {},
            "tmpfs": {},
            "tty": false,
            "ulimit": [],
            "upload": [],
            "user": "non-root-user",
            "userns_mode": "",
            "volumes": [],
            "wait": false,
            "wait_timeout": 60,
            "working_dir": "/backend"
          },
          "sensitive_attributes": [
            [
              {
                "type": "get_attr",
                "value": "env"
              }
            ]
          ],
          "identity_schema_version": 0,
          "private": "eyJzY2hlbWFfdmVyc2lvbiI6IjIifQ==",
          "dependencies": [
            "docker_container.infisical_postgres",
            "docker_container.infisical_redis",
            "docker_image.infisical",
            "docker_image.postgres_infisical",
            "docker_image.redis",
            "docker_network.pg_ha_network",
            "docker_volume.infisical_data",
            "docker_volume.infisical_db_data",
            "random_password.infisical_api_key",
            "random_password.infisical_db_password",
            "random_password.pgbouncer_admin_password"
          ]
        }
      ]
    },
    {
      "mode": "managed",
      "type": "docker_container",
      "name": "infisical_postgres",
      "provider": "provider[\"registry.terraform.io/kreuzwerker/docker\"]",
      "instances": [
        {
          "index_key": 0,
          "schema_version": 2,
          "attributes": {
            "attach": false,
            "bridge": "",
            "capabilities": [],
            "cgroup_parent": null,
            "cgroupns_mode": null,
            "command": [
              "postgres"
            ],
            "container_logs": null,
            "container_read_refresh_timeout_milliseconds": 15000,
            "cpu_period": null,
            "cpu_quota": null,
            "cpu_set": "",
            "cpu_shares": 0,
            "cpus": null,
            "destroy_grace_seconds": null,
            "devices": [],
            "dns": [],
            "dns_opts": [],
            "dns_search": [],
            "domainname": "",
            "entrypoint": [
              "docker-entrypoint.sh"
            ],
            "env": [
              "PGDATA=/var/lib/postgresql/data/pgdata",
              "POSTGRES_DB=infisical",
              "POSTGRES_PASSWORD=+l*lxp*[4D@oyI)W_}P6f[zysN94BBT6",
              "POSTGRES_USER=infisical"
            ],
            "exit_code": null,
            "gpus": null,
            "group_add": [],
            "healthcheck": [
              {
                "interval": "10s",
                "retries": 5,
                "start_interval": "0s",
                "start_period": "0s",
                "test": [
                  "CMD-SHELL",
                  "pg_isready -U infisical -d infisical"
                ],
                "timeout": "5s"
              }
            ],
            "host": [],
            "hostname": "d8d833fdeaf6",
            "id": "d8d833fdeaf6c054774beaff4a683851d2bb5d9cda0858552891437fa3627e73",
            "image": "sha256:e83514f5fe85fab1692e05a510f3a10bc86a4ff428a333942239a72f9e0a5ce8",
            "init": false,
            "ipc_mode": "private",
            "labels": [],
            "log_driver": "json-file",
            "log_opts": {},
            "logs": false,
            "max_retry_count": 0,
            "memory": 0,
            "memory_swap": 0,
            "mounts": [
              {
                "bind_options": [],
                "read_only": false,
                "source": "infisical-db-data",
                "target": "/var/lib/postgresql/data",
                "tmpfs_options": [],
                "type": "volume",
                "volume_options": []
              }
            ],
            "must_run": true,
            "name": "infisical-postgres",
            "network_data": [
              {
                "gateway": "172.18.0.1",
                "global_ipv6_address": "",
                "global_ipv6_prefix_length": 0,
                "ip_address": "172.18.0.6",
                "ip_prefix_length": 16,
                "ipv6_gateway": "",
                "mac_address": "5e:f8:d0:7b:de:7c",
                "network_name": "pg-ha-network"
              }
            ],
            "network_mode": "bridge",
            "networks_advanced": [
              {
                "aliases": [],
                "ipv4_address": "",
                "ipv6_address": "",
                "name": "pg-ha-network"
              }
            ],
            "pid_mode": "",
            "ports": [
              {
                "external": 5437,
                "internal": 5432,
                "ip": "0.0.0.0",
                "protocol": "tcp"
              }
            ],
            "privileged": false,
            "publish_all_ports": false,
            "read_only": false,
            "remove_volumes": true,
            "restart": "unless-stopped",
            "rm": false,
            "runtime": "runc",
            "security_opts": [],
            "shm_size": 64,
            "start": true,
            "stdin_open": false,
            "stop_signal": "SIGINT",
            "stop_timeout": 1,
            "storage_opts": {},
            "sysctls": {},
            "tmpfs": {},
            "tty": false,
            "ulimit": [],
            "upload": [],
            "user": "",
            "userns_mode": "",
            "volumes": [],
            "wait": false,
            "wait_timeout": 60,
            "working_dir": ""
          },
          "sensitive_attributes": [
            [
              {
                "type": "get_attr",
                "value": "env"
              }
            ]
          ],
          "identity_schema_version": 0,
          "private": "eyJzY2hlbWFfdmVyc2lvbiI6IjIifQ==",
          "dependencies": [
            "docker_image.postgres_infisical",
            "docker_network.pg_ha_network",
            "docker_volume.infisical_db_data",
            "random_password.infisical_db_password"
          ]
        }
      ]
    },
    {
      "mode": "managed",
      "type": "docker_container",
      "name": "infisical_redis",
      "provider": "provider[\"registry.terraform.io/kreuzwerker/docker\"]",
      "instances": [
        {
          "index_key": 0,
          "schema_version": 2,
          "attributes": {
            "attach": false,
            "bridge": "",
            "capabilities": [],
            "cgroup_parent": null,
            "cgroupns_mode": null,
            "command": [
              "redis-server"
            ],
            "container_logs": null,
            "container_read_refresh_timeout_milliseconds": 15000,
            "cpu_period": null,
            "cpu_quota": null,
            "cpu_set": "",
            "cpu_shares": 0,
            "cpus": null,
            "destroy_grace_seconds": null,
            "devices": [],
            "dns": [],
            "dns_opts": [],
            "dns_search": [],
            "domainname": "",
            "entrypoint": [
              "docker-entrypoint.sh"
            ],
            "env": [],
            "exit_code": null,
            "gpus": null,
            "group_add": [],
            "healthcheck": [
              {
                "interval": "10s",
                "retries": 5,
                "start_interval": "0s",
                "start_period": "0s",
                "test": [
                  "CMD",
                  "redis-cli",
                  "ping"
                ],
                "timeout": "5s"
              }
            ],
            "host": [],
            "hostname": "9967ce91f369",
            "id": "9967ce91f3694e2713b54a853e0b62cd927782c71d14c9c888993ae2fb5d11e7",
            "image": "sha256:8b81dd37ff027bec4e516d41acfbe9fe2460070dc6d4a4570a2ac5b9d59df065",
            "init": false,
            "ipc_mode": "private",
            "labels": [],
            "log_driver": "json-file",
            "log_opts": {},
            "logs": false,
            "max_retry_count": 0,
            "memory": 0,
            "memory_swap": 0,
            "mounts": [],
            "must_run": true,
            "name": "infisical-redis",
            "network_data": [
              {
                "gateway": "172.18.0.1",
                "global_ipv6_address": "",
                "global_ipv6_prefix_length": 0,
                "ip_address": "172.18.0.4",
                "ip_prefix_length": 16,
                "ipv6_gateway": "",
                "mac_address": "2e:98:0d:c2:85:28",
                "network_name": "pg-ha-network"
              }
            ],
            "network_mode": "bridge",
            "networks_advanced": [
              {
                "aliases": [],
                "ipv4_address": "",
                "ipv6_address": "",
                "name": "pg-ha-network"
              }
            ],
            "pid_mode": "",
            "ports": [],
            "privileged": false,
            "publish_all_ports": false,
            "read_only": false,
            "remove_volumes": true,
            "restart": "unless-stopped",
            "rm": false,
            "runtime": "runc",
            "security_opts": [],
            "shm_size": 64,
            "start": true,
            "stdin_open": false,
            "stop_signal": "",
            "stop_timeout": 1,
            "storage_opts": {},
            "sysctls": {},
            "tmpfs": {},
            "tty": false,
            "ulimit": [],
            "upload": [],
            "user": "",
            "userns_mode": "",
            "volumes": [],
            "wait": false,
            "wait_timeout": 60,
            "working_dir": "/data"
          },
          "sensitive_attributes": [],
          "identity_schema_version": 0,
          "private": "eyJzY2hlbWFfdmVyc2lvbiI6IjIifQ==",
          "dependencies": [
            "docker_image.redis",
            "docker_network.pg_ha_network"
          ]
        }
      ]
    },
    {
      "mode": "managed",
      "type": "docker_container",
      "name": "pg_node_1",
      "provider": "provider[\"registry.terraform.io/kreuzwerker/docker\"]",
      "instances": [
        {
          "schema_version": 2,
          "attributes": {
            "attach": false,
            "bridge": "",
            "capabilities": [],
            "cgroup_parent": null,
            "cgroupns_mode": null,
            "command": [
              "patroni",
              "/etc/patroni/patroni.yml"
            ],
            "container_logs": null,
            "container_read_refresh_timeout_milliseconds": 15000,
            "cpu_period": null,
            "cpu_quota": null,
            "cpu_set": "",
            "cpu_shares": 0,
            "cpus": null,
            "destroy_grace_seconds": null,
            "devices": [],
            "dns": [],
            "dns_opts": [],
            "dns_search": [],
            "domainname": "",
            "entrypoint": [
              "/usr/local/bin/entrypoint-patroni.sh"
            ],
            "env": [
              "INFISICAL_API_KEY=",
              "INFISICAL_ENVIRONMENT=dev",
              "INFISICAL_HOST=http://infisical:8020",
              "INFISICAL_PROJECT_ID=",
              "PATRONI_DCS_TYPE=etcd3",
              "PATRONI_ETCD__HOSTS=etcd:2379",
              "PATRONI_ETCD__PROTOCOL=http",
              "PATRONI_NAME=pg-node-1",
              "PATRONI_POSTGRESQL__CONNECT_ADDRESS=pg-node-1:5432",
              "PATRONI_POSTGRESQL__DATA_DIR=/var/lib/postgresql/18/main",
              "PATRONI_POSTGRESQL__INITDB__ENCODING=UTF8",
              "PATRONI_POSTGRESQL__INITDB__LOCALE=en_US.UTF-8",
              "PATRONI_POSTGRESQL__LISTEN=0.0.0.0:5432",
              "PATRONI_POSTGRESQL__PARAMETERS__SHARED_PRELOAD_LIBRARIES=vector,pg_stat_statements",
              "PATRONI_POSTGRESQL__PGCTLCLUSTER=18-main",
              "PATRONI_POSTGRESQL__REMOVE_DATA_DIRECTORY_ON_DIVERGENCE=true",
              "PATRONI_RESTAPI__CONNECT_ADDRESS=pg-node-1:8008",
              "PATRONI_RESTAPI__LISTEN=0.0.0.0:8008",
              "PATRONI_SCOPE=pg-ha-cluster",
              "POSTGRES_DB=postgres",
              "POSTGRES_PASSWORD=[5(+Kb-Wt#z$%$@4Y21$ErY6W]?DJ\u003c0)",
              "POSTGRES_USER=pgadmin",
              "REPLICATION_PASSWORD=Fsr\u0026$+Ir[4?{[K!jApSWPnKpF8[}[yO%"
            ],
            "exit_code": null,
            "gpus": null,
            "group_add": [],
            "healthcheck": [],
            "host": [],
            "hostname": "5a456a91977f",
            "id": "5a456a91977f460df2750756379d270179fe55b404f8fe517ef20ebc322e6531",
            "image": "sha256:3a2f712cf0ad8c449cdb551501c599a5c8191ef4cc7e5d1d73fb944cafbafed8",
            "init": false,
            "ipc_mode": "private",
            "labels": [],
            "log_driver": "json-file",
            "log_opts": {},
            "logs": false,
            "max_retry_count": 0,
            "memory": 0,
            "memory_swap": 0,
            "mounts": [
              {
                "bind_options": [],
                "read_only": true,
                "source": "/home/vejang/terraform-docker-container-postgres/patroni/patroni-node-1.yml",
                "target": "/etc/patroni/patroni.yml",
                "tmpfs_options": [],
                "type": "bind",
                "volume_options": []
              },
              {
                "bind_options": [],
                "read_only": null,
                "source": "pg-node-1-data",
                "target": "/var/lib/postgresql",
                "tmpfs_options": [],
                "type": "volume",
                "volume_options": []
              },
              {
                "bind_options": [],
                "read_only": null,
                "source": "pgbackrest-repo",
                "target": "/var/lib/pgbackrest",
                "tmpfs_options": [],
                "type": "volume",
                "volume_options": []
              },
              {
                "bind_options": [],
                "read_only": null,
                "source": "pgbackrest-repo",
                "target": "/var/log/pgbackrest",
                "tmpfs_options": [],
                "type": "volume",
                "volume_options": []
              }
            ],
            "must_run": true,
            "name": "pg-node-1",
            "network_data": [
              {
                "gateway": "172.18.0.1",
                "global_ipv6_address": "",
                "global_ipv6_prefix_length": 0,
                "ip_address": "172.18.0.3",
                "ip_prefix_length": 16,
                "ipv6_gateway": "",
                "mac_address": "ca:b0:41:1b:7f:95",
                "network_name": "pg-ha-network"
              }
            ],
            "network_mode": "bridge",
            "networks_advanced": [
              {
                "aliases": [],
                "ipv4_address": "",
                "ipv6_address": "",
                "name": "pg-ha-network"
              }
            ],
            "pid_mode": "",
            "ports": [
              {
                "external": 5432,
                "internal": 5432,
                "ip": "0.0.0.0",
                "protocol": "tcp"
              },
              {
                "external": 8008,
                "internal": 8008,
                "ip": "0.0.0.0",
                "protocol": "tcp"
              }
            ],
            "privileged": false,
            "publish_all_ports": false,
            "read_only": false,
            "remove_volumes": true,
            "restart": "unless-stopped",
            "rm": false,
            "runtime": "runc",
            "security_opts": [],
            "shm_size": 64,
            "start": true,
            "stdin_open": false,
            "stop_signal": "SIGINT",
            "stop_timeout": 1,
            "storage_opts": {},
            "sysctls": {},
            "tmpfs": {},
            "tty": false,
            "ulimit": [],
            "upload": [],
            "user": "",
            "userns_mode": "",
            "volumes": [],
            "wait": false,
            "wait_timeout": 60,
            "working_dir": ""
          },
          "sensitive_attributes": [
            [
              {
                "type": "get_attr",
                "value": "env"
              }
            ]
          ],
          "identity_schema_version": 0,
          "private": "eyJzY2hlbWFfdmVyc2lvbiI6IjIifQ==",
          "dependencies": [
            "docker_container.etcd",
            "docker_image.etcd",
            "docker_image.postgres_patroni",
            "docker_network.pg_ha_network",
            "docker_volume.etcd_data",
            "docker_volume.pg_node_1_data",
            "docker_volume.pgbackrest_repo",
            "random_password.db_admin_password",
            "random_password.db_replication_password"
          ]
        }
      ]
    },
    {
      "mode": "managed",
      "type": "docker_container",
      "name": "pg_node_2",
      "provider": "provider[\"registry.terraform.io/kreuzwerker/docker\"]",
      "instances": [
        {
          "schema_version": 2,
          "attributes": {
            "attach": false,
            "bridge": "",
            "capabilities": [],
            "cgroup_parent": null,
            "cgroupns_mode": null,
            "command": [
              "patroni",
              "/etc/patroni/patroni.yml"
            ],
            "container_logs": null,
            "container_read_refresh_timeout_milliseconds": 15000,
            "cpu_period": null,
            "cpu_quota": null,
            "cpu_set": "",
            "cpu_shares": 0,
            "cpus": null,
            "destroy_grace_seconds": null,
            "devices": [],
            "dns": [],
            "dns_opts": [],
            "dns_search": [],
            "domainname": "",
            "entrypoint": [
              "/usr/local/bin/entrypoint-patroni.sh"
            ],
            "env": [
              "INFISICAL_API_KEY=",
              "INFISICAL_ENVIRONMENT=dev",
              "INFISICAL_HOST=http://infisical:8020",
              "INFISICAL_PROJECT_ID=",
              "PATRONI_DCS_TYPE=etcd3",
              "PATRONI_ETCD__HOSTS=etcd:2379",
              "PATRONI_ETCD__PROTOCOL=http",
              "PATRONI_NAME=pg-node-2",
              "PATRONI_POSTGRESQL__CONNECT_ADDRESS=pg-node-2:5432",
              "PATRONI_POSTGRESQL__DATA_DIR=/var/lib/postgresql/18/main",
              "PATRONI_POSTGRESQL__INITDB__ENCODING=UTF8",
              "PATRONI_POSTGRESQL__INITDB__LOCALE=en_US.UTF-8",
              "PATRONI_POSTGRESQL__LISTEN=0.0.0.0:5432",
              "PATRONI_POSTGRESQL__PARAMETERS__SHARED_PRELOAD_LIBRARIES=vector,pg_stat_statements",
              "PATRONI_POSTGRESQL__PGCTLCLUSTER=18-main",
              "PATRONI_POSTGRESQL__REMOVE_DATA_DIRECTORY_ON_DIVERGENCE=true",
              "PATRONI_RESTAPI__CONNECT_ADDRESS=pg-node-2:8008",
              "PATRONI_RESTAPI__LISTEN=0.0.0.0:8008",
              "PATRONI_SCOPE=pg-ha-cluster",
              "POSTGRES_DB=postgres",
              "POSTGRES_PASSWORD=[5(+Kb-Wt#z$%$@4Y21$ErY6W]?DJ\u003c0)",
              "POSTGRES_USER=pgadmin",
              "REPLICATION_PASSWORD=Fsr\u0026$+Ir[4?{[K!jApSWPnKpF8[}[yO%"
            ],
            "exit_code": null,
            "gpus": null,
            "group_add": [],
            "healthcheck": [],
            "host": [],
            "hostname": "4185a0e81c0d",
            "id": "4185a0e81c0dca2a9ef3f7c3b8d6926b53a8227bde26216640e600e1f0c947c9",
            "image": "sha256:3a2f712cf0ad8c449cdb551501c599a5c8191ef4cc7e5d1d73fb944cafbafed8",
            "init": false,
            "ipc_mode": "private",
            "labels": [],
            "log_driver": "json-file",
            "log_opts": {},
            "logs": false,
            "max_retry_count": 0,
            "memory": 0,
            "memory_swap": 0,
            "mounts": [
              {
                "bind_options": [],
                "read_only": true,
                "source": "/home/vejang/terraform-docker-container-postgres/patroni/patroni-node-2.yml",
                "target": "/etc/patroni/patroni.yml",
                "tmpfs_options": [],
                "type": "bind",
                "volume_options": []
              },
              {
                "bind_options": [],
                "read_only": null,
                "source": "pg-node-2-data",
                "target": "/var/lib/postgresql",
                "tmpfs_options": [],
                "type": "volume",
                "volume_options": []
              },
              {
                "bind_options": [],
                "read_only": null,
                "source": "pgbackrest-repo",
                "target": "/var/lib/pgbackrest",
                "tmpfs_options": [],
                "type": "volume",
                "volume_options": []
              },
              {
                "bind_options": [],
                "read_only": null,
                "source": "pgbackrest-repo",
                "target": "/var/log/pgbackrest",
                "tmpfs_options": [],
                "type": "volume",
                "volume_options": []
              }
            ],
            "must_run": true,
            "name": "pg-node-2",
            "network_data": [
              {
                "gateway": "172.18.0.1",
                "global_ipv6_address": "",
                "global_ipv6_prefix_length": 0,
                "ip_address": "172.18.0.9",
                "ip_prefix_length": 16,
                "ipv6_gateway": "",
                "mac_address": "62:93:66:47:e5:d3",
                "network_name": "pg-ha-network"
              }
            ],
            "network_mode": "bridge",
            "networks_advanced": [
              {
                "aliases": [],
                "ipv4_address": "",
                "ipv6_address": "",
                "name": "pg-ha-network"
              }
            ],
            "pid_mode": "",
            "ports": [
              {
                "external": 5433,
                "internal": 5432,
                "ip": "0.0.0.0",
                "protocol": "tcp"
              },
              {
                "external": 8009,
                "internal": 8008,
                "ip": "0.0.0.0",
                "protocol": "tcp"
              }
            ],
            "privileged": false,
            "publish_all_ports": false,
            "read_only": false,
            "remove_volumes": true,
            "restart": "unless-stopped",
            "rm": false,
            "runtime": "runc",
            "security_opts": [],
            "shm_size": 64,
            "start": true,
            "stdin_open": false,
            "stop_signal": "SIGINT",
            "stop_timeout": 1,
            "storage_opts": {},
            "sysctls": {},
            "tmpfs": {},
            "tty": false,
            "ulimit": [],
            "upload": [],
            "user": "",
            "userns_mode": "",
            "volumes": [],
            "wait": false,
            "wait_timeout": 60,
            "working_dir": ""
          },
          "sensitive_attributes": [
            [
              {
                "type": "get_attr",
                "value": "env"
              }
            ]
          ],
          "identity_schema_version": 0,
          "private": "eyJzY2hlbWFfdmVyc2lvbiI6IjIifQ==",
          "dependencies": [
            "docker_container.etcd",
            "docker_container.pg_node_1",
            "docker_image.etcd",
            "docker_image.postgres_patroni",
            "docker_network.pg_ha_network",
            "docker_volume.etcd_data",
            "docker_volume.pg_node_1_data",
            "docker_volume.pg_node_2_data",
            "docker_volume.pgbackrest_repo",
            "random_password.db_admin_password",
            "random_password.db_replication_password"
          ]
        }
      ]
    },
    {
      "mode": "managed",
      "type": "docker_container",
      "name": "pg_node_3",
      "provider": "provider[\"registry.terraform.io/kreuzwerker/docker\"]",
      "instances": [
        {
          "schema_version": 2,
          "attributes": {
            "attach": false,
            "bridge": "",
            "capabilities": [],
            "cgroup_parent": null,
            "cgroupns_mode": null,
            "command": [
              "patroni",
              "/etc/patroni/patroni.yml"
            ],
            "container_logs": null,
            "container_read_refresh_timeout_milliseconds": 15000,
            "cpu_period": null,
            "cpu_quota": null,
            "cpu_set": "",
            "cpu_shares": 0,
            "cpus": null,
            "destroy_grace_seconds": null,
            "devices": [],
            "dns": [],
            "dns_opts": [],
            "dns_search": [],
            "domainname": "",
            "entrypoint": [
              "/usr/local/bin/entrypoint-patroni.sh"
            ],
            "env": [
              "INFISICAL_API_KEY=",
              "INFISICAL_ENVIRONMENT=dev",
              "INFISICAL_HOST=http://infisical:8020",
              "INFISICAL_PROJECT_ID=",
              "PATRONI_DCS_TYPE=etcd3",
              "PATRONI_ETCD__HOSTS=etcd:2379",
              "PATRONI_ETCD__PROTOCOL=http",
              "PATRONI_NAME=pg-node-3",
              "PATRONI_POSTGRESQL__CONNECT_ADDRESS=pg-node-3:5432",
              "PATRONI_POSTGRESQL__DATA_DIR=/var/lib/postgresql/18/main",
              "PATRONI_POSTGRESQL__INITDB__ENCODING=UTF8",
              "PATRONI_POSTGRESQL__INITDB__LOCALE=en_US.UTF-8",
              "PATRONI_POSTGRESQL__LISTEN=0.0.0.0:5432",
              "PATRONI_POSTGRESQL__PARAMETERS__SHARED_PRELOAD_LIBRARIES=vector,pg_stat_statements",
              "PATRONI_POSTGRESQL__PGCTLCLUSTER=18-main",
              "PATRONI_POSTGRESQL__REMOVE_DATA_DIRECTORY_ON_DIVERGENCE=true",
              "PATRONI_RESTAPI__CONNECT_ADDRESS=pg-node-3:8008",
              "PATRONI_RESTAPI__LISTEN=0.0.0.0:8008",
              "PATRONI_SCOPE=pg-ha-cluster",
              "POSTGRES_DB=postgres",
              "POSTGRES_PASSWORD=[5(+Kb-Wt#z$%$@4Y21$ErY6W]?DJ\u003c0)",
              "POSTGRES_USER=pgadmin",
              "REPLICATION_PASSWORD=Fsr\u0026$+Ir[4?{[K!jApSWPnKpF8[}[yO%"
            ],
            "exit_code": null,
            "gpus": null,
            "group_add": [],
            "healthcheck": [],
            "host": [],
            "hostname": "1a4881358755",
            "id": "1a4881358755ac3bc44af7eb54d1a6a761460db57d3c376131557372fc17e0e7",
            "image": "sha256:3a2f712cf0ad8c449cdb551501c599a5c8191ef4cc7e5d1d73fb944cafbafed8",
            "init": false,
            "ipc_mode": "private",
            "labels": [],
            "log_driver": "json-file",
            "log_opts": {},
            "logs": false,
            "max_retry_count": 0,
            "memory": 0,
            "memory_swap": 0,
            "mounts": [
              {
                "bind_options": [],
                "read_only": true,
                "source": "/home/vejang/terraform-docker-container-postgres/patroni/patroni-node-3.yml",
                "target": "/etc/patroni/patroni.yml",
                "tmpfs_options": [],
                "type": "bind",
                "volume_options": []
              },
              {
                "bind_options": [],
                "read_only": null,
                "source": "pg-node-3-data",
                "target": "/var/lib/postgresql",
                "tmpfs_options": [],
                "type": "volume",
                "volume_options": []
              },
              {
                "bind_options": [],
                "read_only": null,
                "source": "pgbackrest-repo",
                "target": "/var/lib/pgbackrest",
                "tmpfs_options": [],
                "type": "volume",
                "volume_options": []
              },
              {
                "bind_options": [],
                "read_only": null,
                "source": "pgbackrest-repo",
                "target": "/var/log/pgbackrest",
                "tmpfs_options": [],
                "type": "volume",
                "volume_options": []
              }
            ],
            "must_run": true,
            "name": "pg-node-3",
            "network_data": [
              {
                "gateway": "172.18.0.1",
                "global_ipv6_address": "",
                "global_ipv6_prefix_length": 0,
                "ip_address": "172.18.0.5",
                "ip_prefix_length": 16,
                "ipv6_gateway": "",
                "mac_address": "42:98:d2:8f:a9:43",
                "network_name": "pg-ha-network"
              }
            ],
            "network_mode": "bridge",
            "networks_advanced": [
              {
                "aliases": [],
                "ipv4_address": "",
                "ipv6_address": "",
                "name": "pg-ha-network"
              }
            ],
            "pid_mode": "",
            "ports": [
              {
                "external": 5434,
                "internal": 5432,
                "ip": "0.0.0.0",
                "protocol": "tcp"
              },
              {
                "external": 8010,
                "internal": 8008,
                "ip": "0.0.0.0",
                "protocol": "tcp"
              }
            ],
            "privileged": false,
            "publish_all_ports": false,
            "read_only": false,
            "remove_volumes": true,
            "restart": "unless-stopped",
            "rm": false,
            "runtime": "runc",
            "security_opts": [],
            "shm_size": 64,
            "start": true,
            "stdin_open": false,
            "stop_signal": "SIGINT",
            "stop_timeout": 1,
            "storage_opts": {},
            "sysctls": {},
            "tmpfs": {},
            "tty": false,
            "ulimit": [],
            "upload": [],
            "user": "",
            "userns_mode": "",
            "volumes": [],
            "wait": false,
            "wait_timeout": 60,
            "working_dir": ""
          },
          "sensitive_attributes": [
            [
              {
                "type": "get_attr",
                "value": "env"
              }
            ]
          ],
          "identity_schema_version": 0,
          "private": "eyJzY2hlbWFfdmVyc2lvbiI6IjIifQ==",
          "dependencies": [
            "docker_container.etcd",
            "docker_container.pg_node_1",
            "docker_image.etcd",
            "docker_image.postgres_patroni",
            "docker_network.pg_ha_network",
            "docker_volume.etcd_data",
            "docker_volume.pg_node_1_data",
            "docker_volume.pg_node_3_data",
            "docker_volume.pgbackrest_repo",
            "random_password.db_admin_password",
            "random_password.db_replication_password"
          ]
        }
      ]
    },
    {
      "mode": "managed",
      "type": "docker_container",
      "name": "pgbouncer_1",
      "provider": "provider[\"registry.terraform.io/kreuzwerker/docker\"]",
      "instances": [
        {
          "index_key": 0,
          "schema_version": 2,
          "attributes": {
            "attach": false,
            "bridge": "",
            "capabilities": [],
            "cgroup_parent": null,
            "cgroupns_mode": null,
            "command": [],
            "container_logs": null,
            "container_read_refresh_timeout_milliseconds": 15000,
            "cpu_period": null,
            "cpu_quota": null,
            "cpu_set": "",
            "cpu_shares": 0,
            "cpus": null,
            "destroy_grace_seconds": null,
            "devices": [],
            "dns": null,
            "dns_opts": null,
            "dns_search": null,
            "domainname": "",
            "entrypoint": [
              "/usr/local/bin/entrypoint-pgbouncer.sh"
            ],
            "env": [
              "DB_ADMIN_PASSWORD=[5(+Kb-Wt#z$%$@4Y21$ErY6W]?DJ\u003c0)",
              "DB_ADMIN_USER=pgadmin",
              "DB_REPLICATION_PASSWORD=Fsr\u0026$+Ir[4?{[K!jApSWPnKpF8[}[yO%",
              "DB_REPLICATION_USER=replicator",
              "INFISICAL_API_KEY=",
              "INFISICAL_ENVIRONMENT=dev",
              "INFISICAL_HOST=http://infisical:8020",
              "INFISICAL_PROJECT_ID=",
              "PGBOUNCER_CONFIG_DIR=/etc/pgbouncer",
              "PGBOUNCER_LOG_DIR=/var/log/pgbouncer",
              "PGBOUNCER_PORT=6432"
            ],
            "exit_code": null,
            "gpus": null,
            "group_add": null,
            "healthcheck": [
              {
                "interval": "10s",
                "retries": 3,
                "start_interval": "0s",
                "start_period": "10s",
                "test": [
                  "CMD-SHELL",
                  "pg_isready -h localhost -p 6432 || exit 1"
                ],
                "timeout": "5s"
              }
            ],
            "host": [],
            "hostname": "152ad4f5d1da",
            "id": "152ad4f5d1daf7155e4e426395c4303a75008dc3b8c7d84cda9b5f4f2bf681ac",
            "image": "sha256:d1d34d35c9fd9fdc3155fbe23d0afd86501a287de5cce6ac40113199888acdd1",
            "init": false,
            "ipc_mode": "private",
            "labels": [],
            "log_driver": "json-file",
            "log_opts": null,
            "logs": false,
            "max_retry_count": 0,
            "memory": 0,
            "memory_swap": 0,
            "mounts": [
              {
                "bind_options": [],
                "read_only": true,
                "source": "/home/vejang/terraform-docker-container-postgres/pgbouncer/pgbouncer.ini",
                "target": "/etc/pgbouncer/pgbouncer.ini",
                "tmpfs_options": [],
                "type": "bind",
                "volume_options": []
              },
              {
                "bind_options": [],
                "read_only": null,
                "source": "pgbouncer-logs",
                "target": "/var/log/pgbouncer",
                "tmpfs_options": [],
                "type": "volume",
                "volume_options": []
              }
            ],
            "must_run": true,
            "name": "pgbouncer-1",
            "network_data": [
              {
                "gateway": "172.18.0.1",
                "global_ipv6_address": "",
                "global_ipv6_prefix_length": 0,
                "ip_address": "172.18.0.8",
                "ip_prefix_length": 16,
                "ipv6_gateway": "",
                "mac_address": "7e:17:ee:49:e8:82",
                "network_name": "pg-ha-network"
              }
            ],
            "network_mode": "bridge",
            "networks_advanced": [
              {
                "aliases": [],
                "ipv4_address": "",
                "ipv6_address": "",
                "name": "pg-ha-network"
              }
            ],
            "pid_mode": "",
            "ports": [
              {
                "external": 6432,
                "internal": 6432,
                "ip": "0.0.0.0",
                "protocol": "tcp"
              }
            ],
            "privileged": false,
            "publish_all_ports": false,
            "read_only": false,
            "remove_volumes": true,
            "restart": "unless-stopped",
            "rm": false,
            "runtime": "runc",
            "security_opts": [],
            "shm_size": 64,
            "start": true,
            "stdin_open": false,
            "stop_signal": "",
            "stop_timeout": 1,
            "storage_opts": null,
            "sysctls": null,
            "tmpfs": null,
            "tty": false,
            "ulimit": [],
            "upload": [],
            "user": "",
            "userns_mode": "",
            "volumes": [],
            "wait": false,
            "wait_timeout": 60,
            "working_dir": ""
          },
          "sensitive_attributes": [
            [
              {
                "type": "get_attr",
                "value": "env"
              }
            ]
          ],
          "identity_schema_version": 0,
          "private": "eyJzY2hlbWFfdmVyc2lvbiI6IjIifQ==",
          "dependencies": [
            "docker_container.etcd",
            "docker_container.pg_node_1",
            "docker_container.pg_node_2",
            "docker_container.pg_node_3",
            "docker_image.etcd",
            "docker_image.pgbouncer",
            "docker_image.postgres_patroni",
            "docker_network.pg_ha_network",
            "docker_volume.etcd_data",
            "docker_volume.pg_node_1_data",
            "docker_volume.pg_node_2_data",
            "docker_volume.pg_node_3_data",
            "docker_volume.pgbackrest_repo",
            "docker_volume.pgbouncer_logs",
            "random_password.db_admin_password",
            "random_password.db_replication_password"
          ]
        }
      ]
    },
    {
      "mode": "managed",
      "type": "docker_container",
      "name": "pgbouncer_2",
      "provider": "provider[\"registry.terraform.io/kreuzwerker/docker\"]",
      "instances": [
        {
          "index_key": 0,
          "schema_version": 2,
          "attributes": {
            "attach": false,
            "bridge": "",
            "capabilities": [],
            "cgroup_parent": null,
            "cgroupns_mode": null,
            "command": [],
            "container_logs": null,
            "container_read_refresh_timeout_milliseconds": 15000,
            "cpu_period": null,
            "cpu_quota": null,
            "cpu_set": "",
            "cpu_shares": 0,
            "cpus": null,
            "destroy_grace_seconds": null,
            "devices": [],
            "dns": null,
            "dns_opts": null,
            "dns_search": null,
            "domainname": "",
            "entrypoint": [
              "/usr/local/bin/entrypoint-pgbouncer.sh"
            ],
            "env": [
              "DB_ADMIN_PASSWORD=[5(+Kb-Wt#z$%$@4Y21$ErY6W]?DJ\u003c0)",
              "DB_ADMIN_USER=pgadmin",
              "DB_REPLICATION_PASSWORD=Fsr\u0026$+Ir[4?{[K!jApSWPnKpF8[}[yO%",
              "DB_REPLICATION_USER=replicator",
              "INFISICAL_API_KEY=",
              "INFISICAL_ENVIRONMENT=dev",
              "INFISICAL_HOST=http://infisical:8020",
              "INFISICAL_PROJECT_ID=",
              "PGBOUNCER_CONFIG_DIR=/etc/pgbouncer",
              "PGBOUNCER_LOG_DIR=/var/log/pgbouncer",
              "PGBOUNCER_PORT=6432"
            ],
            "exit_code": null,
            "gpus": null,
            "group_add": null,
            "healthcheck": [
              {
                "interval": "10s",
                "retries": 3,
                "start_interval": "0s",
                "start_period": "10s",
                "test": [
                  "CMD-SHELL",
                  "pg_isready -h localhost -p 6432 || exit 1"
                ],
                "timeout": "5s"
              }
            ],
            "host": [],
            "hostname": "f9e0c31764f3",
            "id": "f9e0c31764f3c3a69789b2746006caacc76058c0b2fce1a76a8f76a62f9b4835",
            "image": "sha256:d1d34d35c9fd9fdc3155fbe23d0afd86501a287de5cce6ac40113199888acdd1",
            "init": false,
            "ipc_mode": "private",
            "labels": [],
            "log_driver": "json-file",
            "log_opts": null,
            "logs": false,
            "max_retry_count": 0,
            "memory": 0,
            "memory_swap": 0,
            "mounts": [
              {
                "bind_options": [],
                "read_only": true,
                "source": "/home/vejang/terraform-docker-container-postgres/pgbouncer/pgbouncer.ini",
                "target": "/etc/pgbouncer/pgbouncer.ini",
                "tmpfs_options": [],
                "type": "bind",
                "volume_options": []
              },
              {
                "bind_options": [],
                "read_only": null,
                "source": "pgbouncer-logs",
                "target": "/var/log/pgbouncer",
                "tmpfs_options": [],
                "type": "volume",
                "volume_options": []
              }
            ],
            "must_run": true,
            "name": "pgbouncer-2",
            "network_data": [
              {
                "gateway": "172.18.0.1",
                "global_ipv6_address": "",
                "global_ipv6_prefix_length": 0,
                "ip_address": "172.18.0.7",
                "ip_prefix_length": 16,
                "ipv6_gateway": "",
                "mac_address": "02:8a:07:46:eb:56",
                "network_name": "pg-ha-network"
              }
            ],
            "network_mode": "bridge",
            "networks_advanced": [
              {
                "aliases": [],
                "ipv4_address": "",
                "ipv6_address": "",
                "name": "pg-ha-network"
              }
            ],
            "pid_mode": "",
            "ports": [
              {
                "external": 6433,
                "internal": 6432,
                "ip": "0.0.0.0",
                "protocol": "tcp"
              }
            ],
            "privileged": false,
            "publish_all_ports": false,
            "read_only": false,
            "remove_volumes": true,
            "restart": "unless-stopped",
            "rm": false,
            "runtime": "runc",
            "security_opts": [],
            "shm_size": 64,
            "start": true,
            "stdin_open": false,
            "stop_signal": "",
            "stop_timeout": 1,
            "storage_opts": null,
            "sysctls": null,
            "tmpfs": null,
            "tty": false,
            "ulimit": [],
            "upload": [],
            "user": "",
            "userns_mode": "",
            "volumes": [],
            "wait": false,
            "wait_timeout": 60,
            "working_dir": ""
          },
          "sensitive_attributes": [
            [
              {
                "type": "get_attr",
                "value": "env"
              }
            ]
          ],
          "identity_schema_version": 0,
          "private": "eyJzY2hlbWFfdmVyc2lvbiI6IjIifQ==",
          "dependencies": [
            "docker_container.etcd",
            "docker_container.pg_node_1",
            "docker_container.pg_node_2",
            "docker_container.pg_node_3",
            "docker_image.etcd",
            "docker_image.pgbouncer",
            "docker_image.postgres_patroni",
            "docker_network.pg_ha_network",
            "docker_volume.etcd_data",
            "docker_volume.pg_node_1_data",
            "docker_volume.pg_node_2_data",
            "docker_volume.pg_node_3_data",
            "docker_volume.pgbackrest_repo",
            "docker_volume.pgbouncer_logs",
            "random_password.db_admin_password",
            "random_password.db_replication_password"
          ]
        }
      ]
    },
    {
      "mode": "managed",
      "type": "docker_image",
      "name": "dbhub",
      "provider": "provider[\"registry.terraform.io/kreuzwerker/docker\"]",
      "instances": [
        {
          "schema_version": 0,
          "attributes": {
            "build": [],
            "force_remove": null,
            "id": "sha256:62ebd4c39152e0f6c545f8fae08f9a080591fdc016e8022cb78be6ad91dca05bbytebase/bytebase:latest",
            "image_id": "sha256:62ebd4c39152e0f6c545f8fae08f9a080591fdc016e8022cb78be6ad91dca05b",
            "keep_locally": null,
            "name": "bytebase/bytebase:latest",
            "platform": null,
            "pull_triggers": null,
            "repo_digest": "bytebase/bytebase@sha256:62ebd4c39152e0f6c545f8fae08f9a080591fdc016e8022cb78be6ad91dca05b",
            "timeouts": null,
            "triggers": null
          },
          "sensitive_attributes": [],
          "identity_schema_version": 0,
          "private": "eyJlMmJmYjczMC1lY2FhLTExZTYtOGY4OC0zNDM2M2JjN2M0YzAiOnsiY3JlYXRlIjoxMjAwMDAwMDAwMDAwLCJkZWxldGUiOjEyMDAwMDAwMDAwMDAsInVwZGF0ZSI6MTIwMDAwMDAwMDAwMH19"
        }
      ]
    },
    {
      "mode": "managed",
      "type": "docker_image",
      "name": "etcd",
      "provider": "provider[\"registry.terraform.io/kreuzwerker/docker\"]",
      "instances": [
        {
          "schema_version": 0,
          "attributes": {
            "build": [],
            "force_remove": null,
            "id": "sha256:28759af54acd6924b2191dc1a1d096e2fa2e219717a21b9d8edf89717db3631bquay.io/coreos/etcd:v3.5.0",
            "image_id": "sha256:28759af54acd6924b2191dc1a1d096e2fa2e219717a21b9d8edf89717db3631b",
            "keep_locally": null,
            "name": "quay.io/coreos/etcd:v3.5.0",
            "platform": null,
            "pull_triggers": null,
            "repo_digest": "quay.io/coreos/etcd@sha256:28759af54acd6924b2191dc1a1d096e2fa2e219717a21b9d8edf89717db3631b",
            "timeouts": null,
            "triggers": null
          },
          "sensitive_attributes": [],
          "identity_schema_version": 0,
          "private": "eyJlMmJmYjczMC1lY2FhLTExZTYtOGY4OC0zNDM2M2JjN2M0YzAiOnsiY3JlYXRlIjoxMjAwMDAwMDAwMDAwLCJkZWxldGUiOjEyMDAwMDAwMDAwMDAsInVwZGF0ZSI6MTIwMDAwMDAwMDAwMH19"
        }
      ]
    },
    {
      "mode": "managed",
      "type": "docker_image",
      "name": "infisical",
      "provider": "provider[\"registry.terraform.io/kreuzwerker/docker\"]",
      "instances": [
        {
          "index_key": 0,
          "schema_version": 0,
          "attributes": {
            "build": [],
            "force_remove": null,
            "id": "sha256:2efbe7c63659ec86529385a13dd1420ffd57a48f8d7fd61849fb228e99402d37infisical/infisical:latest",
            "image_id": "sha256:2efbe7c63659ec86529385a13dd1420ffd57a48f8d7fd61849fb228e99402d37",
            "keep_locally": null,
            "name": "infisical/infisical:latest",
            "platform": null,
            "pull_triggers": null,
            "repo_digest": "infisical/infisical@sha256:2efbe7c63659ec86529385a13dd1420ffd57a48f8d7fd61849fb228e99402d37",
            "timeouts": null,
            "triggers": null
          },
          "sensitive_attributes": [],
          "identity_schema_version": 0,
          "private": "eyJlMmJmYjczMC1lY2FhLTExZTYtOGY4OC0zNDM2M2JjN2M0YzAiOnsiY3JlYXRlIjoxMjAwMDAwMDAwMDAwLCJkZWxldGUiOjEyMDAwMDAwMDAwMDAsInVwZGF0ZSI6MTIwMDAwMDAwMDAwMH19"
        }
      ]
    },
    {
      "mode": "managed",
      "type": "docker_image",
      "name": "pgbouncer",
      "provider": "provider[\"registry.terraform.io/kreuzwerker/docker\"]",
      "instances": [
        {
          "index_key": 0,
          "schema_version": 0,
          "attributes": {
            "build": [
              {
                "auth_config": [],
                "build_args": {},
                "build_id": "",
                "build_log_file": "",
                "builder": "",
                "cache_from": [],
                "cgroup_parent": "",
                "context": ".",
                "cpu_period": 0,
                "cpu_quota": 0,
                "cpu_set_cpus": "",
                "cpu_set_mems": "",
                "cpu_shares": 0,
                "dockerfile": "Dockerfile.pgbouncer",
                "extra_hosts": [],
                "force_remove": false,
                "isolation": "",
                "label": {},
                "labels": {},
                "memory": 0,
                "memory_swap": 0,
                "network_mode": "",
                "no_cache": false,
                "platform": "",
                "pull_parent": false,
                "remote_context": "",
                "remove": true,
                "secrets": [],
                "security_opt": [],
                "session_id": "",
                "shm_size": 0,
                "squash": false,
                "suppress_output": false,
                "tag": [],
                "target": "",
                "ulimit": [],
                "version": ""
              }
            ],
            "force_remove": null,
            "id": "sha256:d1d34d35c9fd9fdc3155fbe23d0afd86501a287de5cce6ac40113199888acdd1pgbouncer:ha",
            "image_id": "sha256:d1d34d35c9fd9fdc3155fbe23d0afd86501a287de5cce6ac40113199888acdd1",
            "keep_locally": null,
            "name": "pgbouncer:ha",
            "platform": null,
            "pull_triggers": null,
            "repo_digest": "pgbouncer@sha256:d1d34d35c9fd9fdc3155fbe23d0afd86501a287de5cce6ac40113199888acdd1",
            "timeouts": null,
            "triggers": null
          },
          "sensitive_attributes": [],
          "identity_schema_version": 0,
          "private": "eyJlMmJmYjczMC1lY2FhLTExZTYtOGY4OC0zNDM2M2JjN2M0YzAiOnsiY3JlYXRlIjoxMjAwMDAwMDAwMDAwLCJkZWxldGUiOjEyMDAwMDAwMDAwMDAsInVwZGF0ZSI6MTIwMDAwMDAwMDAwMH19"
        }
      ]
    },
    {
      "mode": "managed",
      "type": "docker_image",
      "name": "postgres_infisical",
      "provider": "provider[\"registry.terraform.io/kreuzwerker/docker\"]",
      "instances": [
        {
          "index_key": 0,
          "schema_version": 0,
          "attributes": {
            "build": [],
            "force_remove": null,
            "id": "sha256:e83514f5fe85fab1692e05a510f3a10bc86a4ff428a333942239a72f9e0a5ce8postgres:18-bookworm",
            "image_id": "sha256:e83514f5fe85fab1692e05a510f3a10bc86a4ff428a333942239a72f9e0a5ce8",
            "keep_locally": null,
            "name": "postgres:18-bookworm",
            "platform": null,
            "pull_triggers": null,
            "repo_digest": "postgres@sha256:e83514f5fe85fab1692e05a510f3a10bc86a4ff428a333942239a72f9e0a5ce8",
            "timeouts": null,
            "triggers": null
          },
          "sensitive_attributes": [],
          "identity_schema_version": 0,
          "private": "eyJlMmJmYjczMC1lY2FhLTExZTYtOGY4OC0zNDM2M2JjN2M0YzAiOnsiY3JlYXRlIjoxMjAwMDAwMDAwMDAwLCJkZWxldGUiOjEyMDAwMDAwMDAwMDAsInVwZGF0ZSI6MTIwMDAwMDAwMDAwMH19"
        }
      ]
    },
    {
      "mode": "managed",
      "type": "docker_image",
      "name": "postgres_patroni",
      "provider": "provider[\"registry.terraform.io/kreuzwerker/docker\"]",
      "instances": [
        {
          "schema_version": 0,
          "attributes": {
            "build": [
              {
                "auth_config": [],
                "build_args": {},
                "build_id": "",
                "build_log_file": "",
                "builder": "",
                "cache_from": [],
                "cgroup_parent": "",
                "context": ".",
                "cpu_period": 0,
                "cpu_quota": 0,
                "cpu_set_cpus": "",
                "cpu_set_mems": "",
                "cpu_shares": 0,
                "dockerfile": "Dockerfile.patroni",
                "extra_hosts": [],
                "force_remove": false,
                "isolation": "",
                "label": {},
                "labels": {},
                "memory": 0,
                "memory_swap": 0,
                "network_mode": "",
                "no_cache": false,
                "platform": "",
                "pull_parent": false,
                "remote_context": "",
                "remove": true,
                "secrets": [],
                "security_opt": [],
                "session_id": "",
                "shm_size": 0,
                "squash": false,
                "suppress_output": false,
                "tag": [],
                "target": "",
                "ulimit": [],
                "version": ""
              }
            ],
            "force_remove": null,
            "id": "sha256:3a2f712cf0ad8c449cdb551501c599a5c8191ef4cc7e5d1d73fb944cafbafed8postgres-patroni:18-pgvector",
            "image_id": "sha256:3a2f712cf0ad8c449cdb551501c599a5c8191ef4cc7e5d1d73fb944cafbafed8",
            "keep_locally": null,
            "name": "postgres-patroni:18-pgvector",
            "platform": null,
            "pull_triggers": null,
            "repo_digest": "postgres-patroni@sha256:3a2f712cf0ad8c449cdb551501c599a5c8191ef4cc7e5d1d73fb944cafbafed8",
            "timeouts": null,
            "triggers": null
          },
          "sensitive_attributes": [],
          "identity_schema_version": 0,
          "private": "eyJlMmJmYjczMC1lY2FhLTExZTYtOGY4OC0zNDM2M2JjN2M0YzAiOnsiY3JlYXRlIjoxMjAwMDAwMDAwMDAwLCJkZWxldGUiOjEyMDAwMDAwMDAwMDAsInVwZGF0ZSI6MTIwMDAwMDAwMDAwMH19"
        }
      ]
    },
    {
      "mode": "managed",
      "type": "docker_image",
      "name": "redis",
      "provider": "provider[\"registry.terraform.io/kreuzwerker/docker\"]",
      "instances": [
        {
          "index_key": 0,
          "schema_version": 0,
          "attributes": {
            "build": [],
            "force_remove": null,
            "id": "sha256:8b81dd37ff027bec4e516d41acfbe9fe2460070dc6d4a4570a2ac5b9d59df065redis:7-alpine",
            "image_id": "sha256:8b81dd37ff027bec4e516d41acfbe9fe2460070dc6d4a4570a2ac5b9d59df065",
            "keep_locally": null,
            "name": "redis:7-alpine",
            "platform": null,
            "pull_triggers": null,
            "repo_digest": "redis@sha256:8b81dd37ff027bec4e516d41acfbe9fe2460070dc6d4a4570a2ac5b9d59df065",
            "timeouts": null,
            "triggers": null
          },
          "sensitive_attributes": [],
          "identity_schema_version": 0,
          "private": "eyJlMmJmYjczMC1lY2FhLTExZTYtOGY4OC0zNDM2M2JjN2M0YzAiOnsiY3JlYXRlIjoxMjAwMDAwMDAwMDAwLCJkZWxldGUiOjEyMDAwMDAwMDAwMDAsInVwZGF0ZSI6MTIwMDAwMDAwMDAwMH19"
        }
      ]
    },
    {
      "mode": "managed",
      "type": "docker_network",
      "name": "pg_ha_network",
      "provider": "provider[\"registry.terraform.io/kreuzwerker/docker\"]",
      "instances": [
        {
          "schema_version": 1,
          "attributes": {
            "attachable": false,
            "check_duplicate": null,
            "driver": "bridge",
            "id": "29849c19974629dd98898535d2321c4fc1f5d49fad9e7655945d3a32e53118c6",
            "ingress": false,
            "internal": false,
            "ipam_config": [
              {
                "aux_address": {},
                "gateway": "172.18.0.1",
                "ip_range": "",
                "subnet": "172.18.0.0/16"
              }
            ],
            "ipam_driver": "default",
            "ipam_options": {},
            "ipv6": false,
            "labels": [],
            "name": "pg-ha-network",
            "options": {
              "com.docker.network.enable_ipv4": "true",
              "com.docker.network.enable_ipv6": "false"
            },
            "scope": "local"
          },
          "sensitive_attributes": [],
          "identity_schema_version": 0,
          "private": "eyJzY2hlbWFfdmVyc2lvbiI6IjEifQ=="
        }
      ]
    },
    {
      "mode": "managed",
      "type": "docker_volume",
      "name": "etcd_data",
      "provider": "provider[\"registry.terraform.io/kreuzwerker/docker\"]",
      "instances": [
        {
          "schema_version": 1,
          "attributes": {
            "driver": "local",
            "driver_opts": {},
            "id": "etcd-data",
            "labels": [],
            "mountpoint": "/var/lib/docker/volumes/etcd-data/_data",
            "name": "etcd-data"
          },
          "sensitive_attributes": [],
          "identity_schema_version": 0,
          "private": "eyJzY2hlbWFfdmVyc2lvbiI6IjEifQ=="
        }
      ]
    },
    {
      "mode": "managed",
      "type": "docker_volume",
      "name": "infisical_data",
      "provider": "provider[\"registry.terraform.io/kreuzwerker/docker\"]",
      "instances": [
        {
          "index_key": 0,
          "schema_version": 1,
          "attributes": {
            "driver": "local",
            "driver_opts": {},
            "id": "infisical-data",
            "labels": [],
            "mountpoint": "/var/lib/docker/volumes/infisical-data/_data",
            "name": "infisical-data"
          },
          "sensitive_attributes": [],
          "identity_schema_version": 0,
          "private": "eyJzY2hlbWFfdmVyc2lvbiI6IjEifQ=="
        }
      ]
    },
    {
      "mode": "managed",
      "type": "docker_volume",
      "name": "infisical_db_data",
      "provider": "provider[\"registry.terraform.io/kreuzwerker/docker\"]",
      "instances": [
        {
          "index_key": 0,
          "schema_version": 1,
          "attributes": {
            "driver": "local",
            "driver_opts": {},
            "id": "infisical-db-data",
            "labels": [],
            "mountpoint": "/var/lib/docker/volumes/infisical-db-data/_data",
            "name": "infisical-db-data"
          },
          "sensitive_attributes": [],
          "identity_schema_version": 0,
          "private": "eyJzY2hlbWFfdmVyc2lvbiI6IjEifQ=="
        }
      ]
    },
    {
      "mode": "managed",
      "type": "docker_volume",
      "name": "pg_node_1_data",
      "provider": "provider[\"registry.terraform.io/kreuzwerker/docker\"]",
      "instances": [
        {
          "schema_version": 1,
          "attributes": {
            "driver": "local",
            "driver_opts": {},
            "id": "pg-node-1-data",
            "labels": [],
            "mountpoint": "/var/lib/docker/volumes/pg-node-1-data/_data",
            "name": "pg-node-1-data"
          },
          "sensitive_attributes": [],
          "identity_schema_version": 0,
          "private": "eyJzY2hlbWFfdmVyc2lvbiI6IjEifQ=="
        }
      ]
    },
    {
      "mode": "managed",
      "type": "docker_volume",
      "name": "pg_node_2_data",
      "provider": "provider[\"registry.terraform.io/kreuzwerker/docker\"]",
      "instances": [
        {
          "schema_version": 1,
          "attributes": {
            "driver": "local",
            "driver_opts": {},
            "id": "pg-node-2-data",
            "labels": [],
            "mountpoint": "/var/lib/docker/volumes/pg-node-2-data/_data",
            "name": "pg-node-2-data"
          },
          "sensitive_attributes": [],
          "identity_schema_version": 0,
          "private": "eyJzY2hlbWFfdmVyc2lvbiI6IjEifQ=="
        }
      ]
    },
    {
      "mode": "managed",
      "type": "docker_volume",
      "name": "pg_node_3_data",
      "provider": "provider[\"registry.terraform.io/kreuzwerker/docker\"]",
      "instances": [
        {
          "schema_version": 1,
          "attributes": {
            "driver": "local",
            "driver_opts": {},
            "id": "pg-node-3-data",
            "labels": [],
            "mountpoint": "/var/lib/docker/volumes/pg-node-3-data/_data",
            "name": "pg-node-3-data"
          },
          "sensitive_attributes": [],
          "identity_schema_version": 0,
          "private": "eyJzY2hlbWFfdmVyc2lvbiI6IjEifQ=="
        }
      ]
    },
    {
      "mode": "managed",
      "type": "docker_volume",
      "name": "pgbackrest_repo",
      "provider": "provider[\"registry.terraform.io/kreuzwerker/docker\"]",
      "instances": [
        {
          "schema_version": 1,
          "attributes": {
            "driver": "local",
            "driver_opts": {},
            "id": "pgbackrest-repo",
            "labels": [],
            "mountpoint": "/var/lib/docker/volumes/pgbackrest-repo/_data",
            "name": "pgbackrest-repo"
          },
          "sensitive_attributes": [],
          "identity_schema_version": 0,
          "private": "eyJzY2hlbWFfdmVyc2lvbiI6IjEifQ=="
        }
      ]
    },
    {
      "mode": "managed",
      "type": "docker_volume",
      "name": "pgbouncer_logs",
      "provider": "provider[\"registry.terraform.io/kreuzwerker/docker\"]",
      "instances": [
        {
          "index_key": 0,
          "schema_version": 1,
          "attributes": {
            "driver": "local",
            "driver_opts": {},
            "id": "pgbouncer-logs",
            "labels": [],
            "mountpoint": "/var/lib/docker/volumes/pgbouncer-logs/_data",
            "name": "pgbouncer-logs"
          },
          "sensitive_attributes": [],
          "identity_schema_version": 0,
          "private": "eyJzY2hlbWFfdmVyc2lvbiI6IjEifQ=="
        }
      ]
    },
    {
      "mode": "managed",
      "type": "null_resource",
      "name": "infisical_init_secrets",
      "provider": "provider[\"registry.terraform.io/hashicorp/null\"]",
      "instances": [
        {
          "index_key": 0,
          "schema_version": 0,
          "attributes": {
            "id": "764810850314636901",
            "triggers": {
              "infisical_container_id": "6344ad27f7338d649ec5efa16d2cef25277078c86d092827f4b5d4573babd1ab"
            }
          },
          "sensitive_attributes": [],
          "identity_schema_version": 0,
          "dependencies": [
            "docker_container.infisical",
            "docker_container.infisical_postgres",
            "docker_container.infisical_redis",
            "docker_image.infisical",
            "docker_image.postgres_infisical",
            "docker_image.redis",
            "docker_network.pg_ha_network",
            "docker_volume.infisical_data",
            "docker_volume.infisical_db_data",
            "random_password.db_admin_password",
            "random_password.db_replication_password",
            "random_password.infisical_api_key",
            "random_password.infisical_db_password",
            "random_password.pgbouncer_admin_password"
          ]
        }
      ]
    },
    {
      "mode": "managed",
      "type": "random_password",
      "name": "db_admin_password",
      "provider": "provider[\"registry.terraform.io/hashicorp/random\"]",
      "instances": [
        {
          "schema_version": 3,
          "attributes": {
            "bcrypt_hash": "$2a$10$pXlIPTW3CofoTbo.mq5AjOXkji5VDhJ6GrX6zx.c3ecUE.qDIj7o.",
            "id": "none",
            "keepers": null,
            "length": 32,
            "lower": true,
            "min_lower": 0,
            "min_numeric": 0,
            "min_special": 0,
            "min_upper": 0,
            "number": true,
            "numeric": true,
            "override_special": null,
            "result": "[5(+Kb-Wt#z$%$@4Y21$ErY6W]?DJ\u003c0)",
            "special": true,
            "upper": true
          },
          "sensitive_attributes": [
            [
              {
                "type": "get_attr",
                "value": "bcrypt_hash"
              }
            ],
            [
              {
                "type": "get_attr",
                "value": "result"
              }
            ]
          ],
          "identity_schema_version": 0
        }
      ]
    },
    {
      "mode": "managed",
      "type": "random_password",
      "name": "db_replication_password",
      "provider": "provider[\"registry.terraform.io/hashicorp/random\"]",
      "instances": [
        {
          "schema_version": 3,
          "attributes": {
            "bcrypt_hash": "$2a$10$mgyriDPAsWBh/6g7XtZI9.Rhl3Fz8j55E9Wto86jraQbSAL2ZxVXi",
            "id": "none",
            "keepers": null,
            "length": 32,
            "lower": true,
            "min_lower": 0,
            "min_numeric": 0,
            "min_special": 0,
            "min_upper": 0,
            "number": true,
            "numeric": true,
            "override_special": null,
            "result": "Fsr\u0026$+Ir[4?{[K!jApSWPnKpF8[}[yO%",
            "special": true,
            "upper": true
          },
          "sensitive_attributes": [
            [
              {
                "type": "get_attr",
                "value": "bcrypt_hash"
              }
            ],
            [
              {
                "type": "get_attr",
                "value": "result"
              }
            ]
          ],
          "identity_schema_version": 0
        }
      ]
    },
    {
      "mode": "managed",
      "type": "random_password",
      "name": "infisical_api_key",
      "provider": "provider[\"registry.terraform.io/hashicorp/random\"]",
      "instances": [
        {
          "schema_version": 3,
          "attributes": {
            "bcrypt_hash": "$2a$10$J0YasGoGUOrSO9KggIkKiutkIMJV90BaXx8TxQ7.g6k7rv9nAVuSm",
            "id": "none",
            "keepers": null,
            "length": 32,
            "lower": true,
            "min_lower": 0,
            "min_numeric": 0,
            "min_special": 0,
            "min_upper": 0,
            "number": true,
            "numeric": true,
            "override_special": null,
            "result": "\u003ck=2m2kNz?z[[Y\u003e@T3y!VPLa{fc@i3Mv",
            "special": true,
            "upper": true
          },
          "sensitive_attributes": [
            [
              {
                "type": "get_attr",
                "value": "bcrypt_hash"
              }
            ],
            [
              {
                "type": "get_attr",
                "value": "result"
              }
            ]
          ],
          "identity_schema_version": 0
        }
      ]
    },
    {
      "mode": "managed",
      "type": "random_password",
      "name": "infisical_db_password",
      "provider": "provider[\"registry.terraform.io/hashicorp/random\"]",
      "instances": [
        {
          "schema_version": 3,
          "attributes": {
            "bcrypt_hash": "$2a$10$O58zN6N0/OW77oNpKVwTae/2G0p93kkQZpXK3U2qrJcHXQZ.SfuzG",
            "id": "none",
            "keepers": null,
            "length": 32,
            "lower": true,
            "min_lower": 0,
            "min_numeric": 0,
            "min_special": 0,
            "min_upper": 0,
            "number": true,
            "numeric": true,
            "override_special": null,
            "result": "+l*lxp*[4D@oyI)W_}P6f[zysN94BBT6",
            "special": true,
            "upper": true
          },
          "sensitive_attributes": [
            [
              {
                "type": "get_attr",
                "value": "bcrypt_hash"
              }
            ],
            [
              {
                "type": "get_attr",
                "value": "result"
              }
            ]
          ],
          "identity_schema_version": 0
        }
      ]
    },
    {
      "mode": "managed",
      "type": "random_password",
      "name": "pgbouncer_admin_password",
      "provider": "provider[\"registry.terraform.io/hashicorp/random\"]",
      "instances": [
        {
          "schema_version": 3,
          "attributes": {
            "bcrypt_hash": "$2a$10$.GWodo6wQSJM9JzBRTcf9eycWF3QFPw5lAnDO8Cqf4x0AYMHOANdC",
            "id": "none",
            "keepers": null,
            "length": 32,
            "lower": true,
            "min_lower": 0,
            "min_numeric": 0,
            "min_special": 0,
            "min_upper": 0,
            "number": true,
            "numeric": true,
            "override_special": null,
            "result": "BcLcQnJIp[?Qu$gQsAb%fwRK8VZVH{az",
            "special": true,
            "upper": true
          },
          "sensitive_attributes": [
            [
              {
                "type": "get_attr",
                "value": "bcrypt_hash"
              }
            ],
            [
              {
                "type": "get_attr",
                "value": "result"
              }
            ]
          ],
          "identity_schema_version": 0
        }
      ]
    }
  ],
  "check_results": [
    {
      "object_kind": "var",
      "config_addr": "var.pgbouncer_replicas",
      "status": "pass",
      "objects": [
        {
          "object_addr": "var.pgbouncer_replicas",
          "status": "pass"
        }
      ]
    },
    {
      "object_kind": "var",
      "config_addr": "var.password_length",
      "status": "pass",
      "objects": [
        {
          "object_addr": "var.password_length",
          "status": "pass"
        }
      ]
    },
    {
      "object_kind": "var",
      "config_addr": "var.infisical_environment",
      "status": "pass",
      "objects": [
        {
          "object_addr": "var.infisical_environment",
          "status": "pass"
        }
      ]
    },
    {
      "object_kind": "var",
      "config_addr": "var.pgbouncer_pool_mode",
      "status": "pass",
      "objects": [
        {
          "object_addr": "var.pgbouncer_pool_mode",
          "status": "pass"
        }
      ]
    }
  ]
}
